
Microsoft Visual Studio Solution File, Format Version 12.00
# Visual Studio Version 16
VisualStudioVersion = 16.0.28922.388
MinimumVisualStudioVersion = 10.0.40219.1
Project("{FAE04EC0-301F-11D3-BF4B-00C04F79EFBC}") = "WpfCoreDemo.App", "WpfCoreDemo.App\WpfCoreDemo.App.csproj", "{95EF7960-A201-4C5C-8B00-7560E68ECF76}"
EndProject
Project("{FAE04EC0-301F-11D3-BF4B-00C04F79EFBC}") = "WpfCoreDemo.Data", "WpfCoreDemo.Data\WpfCoreDemo.Data.csproj", "{32057C92-73BE-4DCF-815D-181ABBFBD9FB}"
EndProject
Global
	GlobalSection(SolutionConfigurationPlatforms) = preSolution
		Debug|Any CPU = Debug|Any CPU
		Release|Any CPU = Release|Any CPU
	EndGlobalSection
	GlobalSection(ProjectConfigurationPlatforms) = postSolution
		{95EF7960-A201-4C5C-8B00-7560E68ECF76}.Debug|Any CPU.ActiveCfg = Debug|Any CPU
		{95EF7960-A201-4C5C-8B00-7560E68ECF76}.Debug|Any CPU.Build.0 = Debug|Any CPU
		{95EF7960-A201-4C5C-8B00-7560E68ECF76}.Release|Any CPU.ActiveCfg = Release|Any CPU
		{95EF7960-A201-4C5C-8B00-7560E68ECF76}.Release|Any CPU.Build.0 = Release|Any CPU
		{32057C92-73BE-4DCF-815D-181ABBFBD9FB}.Debug|Any CPU.ActiveCfg = Debug|Any CPU
		{32057C92-73BE-4DCF-815D-181ABBFBD9FB}.Debug|Any CPU.Build.0 = Debug|Any CPU
		{32057C92-73BE-4DCF-815D-181ABBFBD9FB}.Release|Any CPU.ActiveCfg = Release|Any CPU
		{32057C92-73BE-4DCF-815D-181ABBFBD9FB}.Release|Any CPU.Build.0 = Release|Any CPU
	EndGlobalSection
	GlobalSection(SolutionProperties) = preSolution
		HideSolutionNode = FALSE
	EndGlobalSection
	GlobalSection(ExtensibilityGlobals) = postSolution
		SolutionGuid = {3DC0C48B-5ABF-460D-88D4-3B8DF350324D}
	EndGlobalSection
EndGlobal
